
Microsoft Visual Studio Solution File, Format Version 12.00
# Visual Studio Version 17
VisualStudioVersion = 17.6.33723.286
MinimumVisualStudioVersion = 10.0.40219.1
Project("{FAE04EC0-301F-11D3-BF4B-00C04F79EFBC}") = "Identity", "Identity\Identity.csproj", "{FB03D0C1-A0CC-4DE4-A36E-FCBF62F00790}"
EndProject
Global
	GlobalSection(SolutionConfigurationPlatforms) = preSolution
		Debug|Any CPU = Debug|Any CPU
		Release|Any CPU = Release|Any CPU
	EndGlobalSection
	GlobalSection(ProjectConfigurationPlatforms) = postSolution
		{FB03D0C1-A0CC-4DE4-A36E-FCBF62F00790}.Debug|Any CPU.ActiveCfg = Debug|Any CPU
		{FB03D0C1-A0CC-4DE4-A36E-FCBF62F00790}.Debug|Any CPU.Build.0 = Debug|Any CPU
		{FB03D0C1-A0CC-4DE4-A36E-FCBF62F00790}.Release|Any CPU.ActiveCfg = Release|Any CPU
		{FB03D0C1-A0CC-4DE4-A36E-FCBF62F00790}.Release|Any CPU.Build.0 = Release|Any CPU
	EndGlobalSection
	GlobalSection(SolutionProperties) = preSolution
		HideSolutionNode = FALSE
	EndGlobalSection
	GlobalSection(ExtensibilityGlobals) = postSolution
		SolutionGuid = {E8F2176F-A9F6-407B-B291-898C9D2D5BFB}
	EndGlobalSection
EndGlobal
